// !$*UTF8*$!
{
	archiveVersion = 1;
	classes = {
	};
	objectVersion = 56;
	objects = {

/* Begin PBXBuildFile section */
		C42B61342AE0ECF600C9A120 /* ProductsRepository.swift in Sources */ = {isa = PBXBuildFile; fileRef = C42B61332AE0ECF600C9A120 /* ProductsRepository.swift */; };
		C42B61372AE0ED3E00C9A120 /* Product.swift in Sources */ = {isa = PBXBuildFile; fileRef = C42B61362AE0ED3E00C9A120 /* Product.swift */; };
		C42B613A2AE0F0F700C9A120 /* SwinjectStoryboard in Frameworks */ = {isa = PBXBuildFile; productRef = C42B61392AE0F0F700C9A120 /* SwinjectStoryboard */; };
		C45FC81F2ADF7DD8004D863C /* AppDelegate.swift in Sources */ = {isa = PBXBuildFile; fileRef = C45FC81E2ADF7DD8004D863C /* AppDelegate.swift */; };
		C45FC8212ADF7DD8004D863C /* SceneDelegate.swift in Sources */ = {isa = PBXBuildFile; fileRef = C45FC8202ADF7DD8004D863C /* SceneDelegate.swift */; };
		C45FC8232ADF7DD8004D863C /* TopScreenViewController.swift in Sources */ = {isa = PBXBuildFile; fileRef = C45FC8222ADF7DD8004D863C /* TopScreenViewController.swift */; };
		C45FC8262ADF7DD8004D863C /* Main.storyboard in Resources */ = {isa = PBXBuildFile; fileRef = C45FC8242ADF7DD8004D863C /* Main.storyboard */; };
		C45FC8282ADF7DDA004D863C /* Assets.xcassets in Resources */ = {isa = PBXBuildFile; fileRef = C45FC8272ADF7DDA004D863C /* Assets.xcassets */; };
		C45FC82B2ADF7DDA004D863C /* LaunchScreen.storyboard in Resources */ = {isa = PBXBuildFile; fileRef = C45FC8292ADF7DDA004D863C /* LaunchScreen.storyboard */; };
		C45FC8342ADF80FE004D863C /* TopScreenProductsTableViewCell.swift in Sources */ = {isa = PBXBuildFile; fileRef = C45FC8322ADF80FE004D863C /* TopScreenProductsTableViewCell.swift */; };
		C45FC8352ADF80FE004D863C /* TopScreenProductsTableViewCell.xib in Resources */ = {isa = PBXBuildFile; fileRef = C45FC8332ADF80FE004D863C /* TopScreenProductsTableViewCell.xib */; };
		C4A591162AE8E56B004F4157 /* DetailScreenTreasurerTableViewCell.swift in Sources */ = {isa = PBXBuildFile; fileRef = C4A591142AE8E56B004F4157 /* DetailScreenTreasurerTableViewCell.swift */; };
		C4A591172AE8E56B004F4157 /* DetailScreenTreasurerTableViewCell.xib in Resources */ = {isa = PBXBuildFile; fileRef = C4A591152AE8E56B004F4157 /* DetailScreenTreasurerTableViewCell.xib */; };
		C4A930D32AE0F5A500C1A012 /* DetailScreenViewController.swift in Sources */ = {isa = PBXBuildFile; fileRef = C4A930D22AE0F5A500C1A012 /* DetailScreenViewController.swift */; };
		C4D835A72ADFA35F00CCDF94 /* apple.png in Resources */ = {isa = PBXBuildFile; fileRef = C4D835A62ADFA35F00CCDF94 /* apple.png */; };
		C4D8997A2AE8AF22000F9659 /* CollectionExt.swift in Sources */ = {isa = PBXBuildFile; fileRef = C4D899792AE8AF22000F9659 /* CollectionExt.swift */; };
		C4D8997C2AE8B232000F9659 /* TreasurerRepository.swift in Sources */ = {isa = PBXBuildFile; fileRef = C4D8997B2AE8B232000F9659 /* TreasurerRepository.swift */; };
		C4D8997E2AE8B24F000F9659 /* Treasurer.swift in Sources */ = {isa = PBXBuildFile; fileRef = C4D8997D2AE8B24F000F9659 /* Treasurer.swift */; };
/* End PBXBuildFile section */

/* Begin PBXFileReference section */
		C42B61332AE0ECF600C9A120 /* ProductsRepository.swift */ = {isa = PBXFileReference; lastKnownFileType = sourcecode.swift; path = ProductsRepository.swift; sourceTree = "<group>"; };
		C42B61362AE0ED3E00C9A120 /* Product.swift */ = {isa = PBXFileReference; lastKnownFileType = sourcecode.swift; path = Product.swift; sourceTree = "<group>"; };
		C45FC81B2ADF7DD8004D863C /* InventoryAppiOS.app */ = {isa = PBXFileReference; explicitFileType = wrapper.application; includeInIndex = 0; path = InventoryAppiOS.app; sourceTree = BUILT_PRODUCTS_DIR; };
		C45FC81E2ADF7DD8004D863C /* AppDelegate.swift */ = {isa = PBXFileReference; lastKnownFileType = sourcecode.swift; path = AppDelegate.swift; sourceTree = "<group>"; };
		C45FC8202ADF7DD8004D863C /* SceneDelegate.swift */ = {isa = PBXFileReference; lastKnownFileType = sourcecode.swift; path = SceneDelegate.swift; sourceTree = "<group>"; };
		C45FC8222ADF7DD8004D863C /* TopScreenViewController.swift */ = {isa = PBXFileReference; lastKnownFileType = sourcecode.swift; path = TopScreenViewController.swift; sourceTree = "<group>"; };
		C45FC8252ADF7DD8004D863C /* Base */ = {isa = PBXFileReference; lastKnownFileType = file.storyboard; name = Base; path = Base.lproj/Main.storyboard; sourceTree = "<group>"; };
		C45FC8272ADF7DDA004D863C /* Assets.xcassets */ = {isa = PBXFileReference; lastKnownFileType = folder.assetcatalog; path = Assets.xcassets; sourceTree = "<group>"; };
		C45FC82A2ADF7DDA004D863C /* Base */ = {isa = PBXFileReference; lastKnownFileType = file.storyboard; name = Base; path = Base.lproj/LaunchScreen.storyboard; sourceTree = "<group>"; };
		C45FC82C2ADF7DDA004D863C /* Info.plist */ = {isa = PBXFileReference; lastKnownFileType = text.plist.xml; path = Info.plist; sourceTree = "<group>"; };
		C45FC8322ADF80FE004D863C /* TopScreenProductsTableViewCell.swift */ = {isa = PBXFileReference; lastKnownFileType = sourcecode.swift; path = TopScreenProductsTableViewCell.swift; sourceTree = "<group>"; };
		C45FC8332ADF80FE004D863C /* TopScreenProductsTableViewCell.xib */ = {isa = PBXFileReference; lastKnownFileType = file.xib; path = TopScreenProductsTableViewCell.xib; sourceTree = "<group>"; };
		C4A591142AE8E56B004F4157 /* DetailScreenTreasurerTableViewCell.swift */ = {isa = PBXFileReference; lastKnownFileType = sourcecode.swift; path = DetailScreenTreasurerTableViewCell.swift; sourceTree = "<group>"; };
		C4A591152AE8E56B004F4157 /* DetailScreenTreasurerTableViewCell.xib */ = {isa = PBXFileReference; lastKnownFileType = file.xib; path = DetailScreenTreasurerTableViewCell.xib; sourceTree = "<group>"; };
		C4A930D22AE0F5A500C1A012 /* DetailScreenViewController.swift */ = {isa = PBXFileReference; lastKnownFileType = sourcecode.swift; path = DetailScreenViewController.swift; sourceTree = "<group>"; };
		C4D835A62ADFA35F00CCDF94 /* apple.png */ = {isa = PBXFileReference; lastKnownFileType = image.png; path = apple.png; sourceTree = "<group>"; };
		C4D899792AE8AF22000F9659 /* CollectionExt.swift */ = {isa = PBXFileReference; lastKnownFileType = sourcecode.swift; path = CollectionExt.swift; sourceTree = "<group>"; };
		C4D8997B2AE8B232000F9659 /* TreasurerRepository.swift */ = {isa = PBXFileReference; lastKnownFileType = sourcecode.swift; path = TreasurerRepository.swift; sourceTree = "<group>"; };
		C4D8997D2AE8B24F000F9659 /* Treasurer.swift */ = {isa = PBXFileReference; lastKnownFileType = sourcecode.swift; path = Treasurer.swift; sourceTree = "<group>"; };
/* End PBXFileReference section */

/* Begin PBXFrameworksBuildPhase section */
		C45FC8182ADF7DD8004D863C /* Frameworks */ = {
			isa = PBXFrameworksBuildPhase;
			buildActionMask = 2147483647;
			files = (
				C42B613A2AE0F0F700C9A120 /* SwinjectStoryboard in Frameworks */,
			);
			runOnlyForDeploymentPostprocessing = 0;
		};
/* End PBXFrameworksBuildPhase section */

/* Begin PBXGroup section */
		C42B61322AE0ECE200C9A120 /* repository */ = {
			isa = PBXGroup;
			children = (
				C42B61332AE0ECF600C9A120 /* ProductsRepository.swift */,
				C4D8997B2AE8B232000F9659 /* TreasurerRepository.swift */,
			);
			path = repository;
			sourceTree = "<group>";
		};
		C42B61352AE0ED3000C9A120 /* model */ = {
			isa = PBXGroup;
			children = (
				C42B61362AE0ED3E00C9A120 /* Product.swift */,
				C4D8997D2AE8B24F000F9659 /* Treasurer.swift */,
			);
			path = model;
			sourceTree = "<group>";
		};
		C45FC8122ADF7DD8004D863C = {
			isa = PBXGroup;
			children = (
				C45FC81D2ADF7DD8004D863C /* InventoryAppiOS */,
				C45FC81C2ADF7DD8004D863C /* Products */,
			);
			sourceTree = "<group>";
		};
		C45FC81C2ADF7DD8004D863C /* Products */ = {
			isa = PBXGroup;
			children = (
				C45FC81B2ADF7DD8004D863C /* InventoryAppiOS.app */,
			);
			name = Products;
			sourceTree = "<group>";
		};
		C45FC81D2ADF7DD8004D863C /* InventoryAppiOS */ = {
			isa = PBXGroup;
			children = (
				C4D8997F2AE8BD29000F9659 /* usecase */,
				C4D899782AE8AF15000F9659 /* ext */,
				C42B61352AE0ED3000C9A120 /* model */,
				C42B61322AE0ECE200C9A120 /* repository */,
				C4D835AE2ADFAA6500CCDF94 /* ViewController */,
				C4D835AD2ADFAA5200CCDF94 /* Images */,
				C4D835AC2ADFAA1A00CCDF94 /* View */,
				C45FC81E2ADF7DD8004D863C /* AppDelegate.swift */,
				C45FC8202ADF7DD8004D863C /* SceneDelegate.swift */,
				C45FC8272ADF7DDA004D863C /* Assets.xcassets */,
				C45FC8292ADF7DDA004D863C /* LaunchScreen.storyboard */,
				C45FC82C2ADF7DDA004D863C /* Info.plist */,
			);
			path = InventoryAppiOS;
			sourceTree = "<group>";
		};
		C4D835AC2ADFAA1A00CCDF94 /* View */ = {
			isa = PBXGroup;
			children = (
				C45FC8242ADF7DD8004D863C /* Main.storyboard */,
				C45FC8322ADF80FE004D863C /* TopScreenProductsTableViewCell.swift */,
				C45FC8332ADF80FE004D863C /* TopScreenProductsTableViewCell.xib */,
				C4A591142AE8E56B004F4157 /* DetailScreenTreasurerTableViewCell.swift */,
				C4A591152AE8E56B004F4157 /* DetailScreenTreasurerTableViewCell.xib */,
			);
			path = View;
			sourceTree = "<group>";
		};
		C4D835AD2ADFAA5200CCDF94 /* Images */ = {
			isa = PBXGroup;
			children = (
				C4D835A62ADFA35F00CCDF94 /* apple.png */,
			);
			path = Images;
			sourceTree = "<group>";
		};
		C4D835AE2ADFAA6500CCDF94 /* ViewController */ = {
			isa = PBXGroup;
			children = (
				C45FC8222ADF7DD8004D863C /* TopScreenViewController.swift */,
				C4A930D22AE0F5A500C1A012 /* DetailScreenViewController.swift */,
			);
			path = ViewController;
			sourceTree = "<group>";
		};
		C4D899782AE8AF15000F9659 /* ext */ = {
			isa = PBXGroup;
			children = (
				C4D899792AE8AF22000F9659 /* CollectionExt.swift */,
			);
			path = ext;
			sourceTree = "<group>";
		};
		C4D8997F2AE8BD29000F9659 /* usecase */ = {
			isa = PBXGroup;
			children = (
			);
			path = usecase;
			sourceTree = "<group>";
		};
/* End PBXGroup section */

/* Begin PBXNativeTarget section */
		C45FC81A2ADF7DD8004D863C /* InventoryAppiOS */ = {
			isa = PBXNativeTarget;
			buildConfigurationList = C45FC82F2ADF7DDA004D863C /* Build configuration list for PBXNativeTarget "InventoryAppiOS" */;
			buildPhases = (
				C45FC8172ADF7DD8004D863C /* Sources */,
				C45FC8182ADF7DD8004D863C /* Frameworks */,
				C45FC8192ADF7DD8004D863C /* Resources */,
			);
			buildRules = (
			);
			dependencies = (
			);
			name = InventoryAppiOS;
			packageProductDependencies = (
				C42B61392AE0F0F700C9A120 /* SwinjectStoryboard */,
			);
			productName = InventoryAppiOS;
			productReference = C45FC81B2ADF7DD8004D863C /* InventoryAppiOS.app */;
			productType = "com.apple.product-type.application";
		};
/* End PBXNativeTarget section */

/* Begin PBXProject section */
		C45FC8132ADF7DD8004D863C /* Project object */ = {
			isa = PBXProject;
			attributes = {
				BuildIndependentTargetsInParallel = 1;
				LastSwiftUpdateCheck = 1500;
				LastUpgradeCheck = 1500;
				TargetAttributes = {
					C45FC81A2ADF7DD8004D863C = {
						CreatedOnToolsVersion = 15.0;
					};
				};
			};
			buildConfigurationList = C45FC8162ADF7DD8004D863C /* Build configuration list for PBXProject "InventoryAppiOS" */;
			compatibilityVersion = "Xcode 14.0";
			developmentRegion = en;
			hasScannedForEncodings = 0;
			knownRegions = (
				en,
				Base,
			);
			mainGroup = C45FC8122ADF7DD8004D863C;
			packageReferences = (
				C42B61382AE0F0F700C9A120 /* XCRemoteSwiftPackageReference "SwinjectStoryboard" */,
			);
			productRefGroup = C45FC81C2ADF7DD8004D863C /* Products */;
			projectDirPath = "";
			projectRoot = "";
			targets = (
				C45FC81A2ADF7DD8004D863C /* InventoryAppiOS */,
			);
		};
/* End PBXProject section */

/* Begin PBXResourcesBuildPhase section */
		C45FC8192ADF7DD8004D863C /* Resources */ = {
			isa = PBXResourcesBuildPhase;
			buildActionMask = 2147483647;
			files = (
				C45FC82B2ADF7DDA004D863C /* LaunchScreen.storyboard in Resources */,
				C4D835A72ADFA35F00CCDF94 /* apple.png in Resources */,
				C4A591172AE8E56B004F4157 /* DetailScreenTreasurerTableViewCell.xib in Resources */,
				C45FC8282ADF7DDA004D863C /* Assets.xcassets in Resources */,
				C45FC8352ADF80FE004D863C /* TopScreenProductsTableViewCell.xib in Resources */,
				C45FC8262ADF7DD8004D863C /* Main.storyboard in Resources */,
			);
			runOnlyForDeploymentPostprocessing = 0;
		};
/* End PBXResourcesBuildPhase section */

/* Begin PBXSourcesBuildPhase section */
		C45FC8172ADF7DD8004D863C /* Sources */ = {
			isa = PBXSourcesBuildPhase;
			buildActionMask = 2147483647;
			files = (
				C45FC8232ADF7DD8004D863C /* TopScreenViewController.swift in Sources */,
				C4A930D32AE0F5A500C1A012 /* DetailScreenViewController.swift in Sources */,
				C45FC81F2ADF7DD8004D863C /* AppDelegate.swift in Sources */,
				C4D8997E2AE8B24F000F9659 /* Treasurer.swift in Sources */,
				C4D8997A2AE8AF22000F9659 /* CollectionExt.swift in Sources */,
				C42B61342AE0ECF600C9A120 /* ProductsRepository.swift in Sources */,
				C4D8997C2AE8B232000F9659 /* TreasurerRepository.swift in Sources */,
				C45FC8342ADF80FE004D863C /* TopScreenProductsTableViewCell.swift in Sources */,
				C45FC8212ADF7DD8004D863C /* SceneDelegate.swift in Sources */,
				C4A591162AE8E56B004F4157 /* DetailScreenTreasurerTableViewCell.swift in Sources */,
				C42B61372AE0ED3E00C9A120 /* Product.swift in Sources */,
			);
			runOnlyForDeploymentPostprocessing = 0;
		};
/* End PBXSourcesBuildPhase section */

/* Begin PBXVariantGroup section */
		C45FC8242ADF7DD8004D863C /* Main.storyboard */ = {
			isa = PBXVariantGroup;
			children = (
				C45FC8252ADF7DD8004D863C /* Base */,
			);
			name = Main.storyboard;
			sourceTree = "<group>";
		};
		C45FC8292ADF7DDA004D863C /* LaunchScreen.storyboard */ = {
			isa = PBXVariantGroup;
			children = (
				C45FC82A2ADF7DDA004D863C /* Base */,
			);
			name = LaunchScreen.storyboard;
			sourceTree = "<group>";
		};
/* End PBXVariantGroup section */

/* Begin XCBuildConfiguration section */
		C45FC82D2ADF7DDA004D863C /* Debug */ = {
			isa = XCBuildConfiguration;
			buildSettings = {
				ALWAYS_SEARCH_USER_PATHS = NO;
				ASSETCATALOG_COMPILER_GENERATE_SWIFT_ASSET_SYMBOL_EXTENSIONS = YES;
				CLANG_ANALYZER_NONNULL = YES;
				CLANG_ANALYZER_NUMBER_OBJECT_CONVERSION = YES_AGGRESSIVE;
				CLANG_CXX_LANGUAGE_STANDARD = "gnu++20";
				CLANG_ENABLE_MODULES = YES;
				CLANG_ENABLE_OBJC_ARC = YES;
				CLANG_ENABLE_OBJC_WEAK = YES;
				CLANG_WARN_BLOCK_CAPTURE_AUTORELEASING = YES;
				CLANG_WARN_BOOL_CONVERSION = YES;
				CLANG_WARN_COMMA = YES;
				CLANG_WARN_CONSTANT_CONVERSION = YES;
				CLANG_WARN_DEPRECATED_OBJC_IMPLEMENTATIONS = YES;
				CLANG_WARN_DIRECT_OBJC_ISA_USAGE = YES_ERROR;
				CLANG_WARN_DOCUMENTATION_COMMENTS = YES;
				CLANG_WARN_EMPTY_BODY = YES;
				CLANG_WARN_ENUM_CONVERSION = YES;
				CLANG_WARN_INFINITE_RECURSION = YES;
				CLANG_WARN_INT_CONVERSION = YES;
				CLANG_WARN_NON_LITERAL_NULL_CONVERSION = YES;
				CLANG_WARN_OBJC_IMPLICIT_RETAIN_SELF = YES;
				CLANG_WARN_OBJC_LITERAL_CONVERSION = YES;
				CLANG_WARN_OBJC_ROOT_CLASS = YES_ERROR;
				CLANG_WARN_QUOTED_INCLUDE_IN_FRAMEWORK_HEADER = YES;
				CLANG_WARN_RANGE_LOOP_ANALYSIS = YES;
				CLANG_WARN_STRICT_PROTOTYPES = YES;
				CLANG_WARN_SUSPICIOUS_MOVE = YES;
				CLANG_WARN_UNGUARDED_AVAILABILITY = YES_AGGRESSIVE;
				CLANG_WARN_UNREACHABLE_CODE = YES;
				CLANG_WARN__DUPLICATE_METHOD_MATCH = YES;
				COPY_PHASE_STRIP = NO;
				DEBUG_INFORMATION_FORMAT = dwarf;
				ENABLE_STRICT_OBJC_MSGSEND = YES;
				ENABLE_TESTABILITY = YES;
				ENABLE_USER_SCRIPT_SANDBOXING = YES;
				GCC_C_LANGUAGE_STANDARD = gnu17;
				GCC_DYNAMIC_NO_PIC = NO;
				GCC_NO_COMMON_BLOCKS = YES;
				GCC_OPTIMIZATION_LEVEL = 0;
				GCC_PREPROCESSOR_DEFINITIONS = (
					"DEBUG=1",
					"$(inherited)",
				);
				GCC_WARN_64_TO_32_BIT_CONVERSION = YES;
				GCC_WARN_ABOUT_RETURN_TYPE = YES_ERROR;
				GCC_WARN_UNDECLARED_SELECTOR = YES;
				GCC_WARN_UNINITIALIZED_AUTOS = YES_AGGRESSIVE;
				GCC_WARN_UNUSED_FUNCTION = YES;
				GCC_WARN_UNUSED_VARIABLE = YES;
				IPHONEOS_DEPLOYMENT_TARGET = 17.0;
				LOCALIZATION_PREFERS_STRING_CATALOGS = YES;
				MTL_ENABLE_DEBUG_INFO = INCLUDE_SOURCE;
				MTL_FAST_MATH = YES;
				ONLY_ACTIVE_ARCH = YES;
				SDKROOT = iphoneos;
				SWIFT_ACTIVE_COMPILATION_CONDITIONS = "DEBUG $(inherited)";
				SWIFT_OPTIMIZATION_LEVEL = "-Onone";
			};
			name = Debug;
		};
		C45FC82E2ADF7DDA004D863C /* Release */ = {
			isa = XCBuildConfiguration;
			buildSettings = {
				ALWAYS_SEARCH_USER_PATHS = NO;
				ASSETCATALOG_COMPILER_GENERATE_SWIFT_ASSET_SYMBOL_EXTENSIONS = YES;
				CLANG_ANALYZER_NONNULL = YES;
				CLANG_ANALYZER_NUMBER_OBJECT_CONVERSION = YES_AGGRESSIVE;
				CLANG_CXX_LANGUAGE_STANDARD = "gnu++20";
				CLANG_ENABLE_MODULES = YES;
				CLANG_ENABLE_OBJC_ARC = YES;
				CLANG_ENABLE_OBJC_WEAK = YES;
				CLANG_WARN_BLOCK_CAPTURE_AUTORELEASING = YES;
				CLANG_WARN_BOOL_CONVERSION = YES;
				CLANG_WARN_COMMA = YES;
				CLANG_WARN_CONSTANT_CONVERSION = YES;
				CLANG_WARN_DEPRECATED_OBJC_IMPLEMENTATIONS = YES;
				CLANG_WARN_DIRECT_OBJC_ISA_USAGE = YES_ERROR;
				CLANG_WARN_DOCUMENTATION_COMMENTS = YES;
				CLANG_WARN_EMPTY_BODY = YES;
				CLANG_WARN_ENUM_CONVERSION = YES;
				CLANG_WARN_INFINITE_RECURSION = YES;
				CLANG_WARN_INT_CONVERSION = YES;
				CLANG_WARN_NON_LITERAL_NULL_CONVERSION = YES;
				CLANG_WARN_OBJC_IMPLICIT_RETAIN_SELF = YES;
				CLANG_WARN_OBJC_LITERAL_CONVERSION = YES;
				CLANG_WARN_OBJC_ROOT_CLASS = YES_ERROR;
				CLANG_WARN_QUOTED_INCLUDE_IN_FRAMEWORK_HEADER = YES;
				CLANG_WARN_RANGE_LOOP_ANALYSIS = YES;
				CLANG_WARN_STRICT_PROTOTYPES = YES;
				CLANG_WARN_SUSPICIOUS_MOVE = YES;
				CLANG_WARN_UNGUARDED_AVAILABILITY = YES_AGGRESSIVE;
				CLANG_WARN_UNREACHABLE_CODE = YES;
				CLANG_WARN__DUPLICATE_METHOD_MATCH = YES;
				COPY_PHASE_STRIP = NO;
				DEBUG_INFORMATION_FORMAT = "dwarf-with-dsym";
				ENABLE_NS_ASSERTIONS = NO;
				ENABLE_STRICT_OBJC_MSGSEND = YES;
				ENABLE_USER_SCRIPT_SANDBOXING = YES;
				GCC_C_LANGUAGE_STANDARD = gnu17;
				GCC_NO_COMMON_BLOCKS = YES;
				GCC_WARN_64_TO_32_BIT_CONVERSION = YES;
				GCC_WARN_ABOUT_RETURN_TYPE = YES_ERROR;
				GCC_WARN_UNDECLARED_SELECTOR = YES;
				GCC_WARN_UNINITIALIZED_AUTOS = YES_AGGRESSIVE;
				GCC_WARN_UNUSED_FUNCTION = YES;
				GCC_WARN_UNUSED_VARIABLE = YES;
				IPHONEOS_DEPLOYMENT_TARGET = 17.0;
				LOCALIZATION_PREFERS_STRING_CATALOGS = YES;
				MTL_ENABLE_DEBUG_INFO = NO;
				MTL_FAST_MATH = YES;
				SDKROOT = iphoneos;
				SWIFT_COMPILATION_MODE = wholemodule;
				VALIDATE_PRODUCT = YES;
			};
			name = Release;
		};
		C45FC8302ADF7DDA004D863C /* Debug */ = {
			isa = XCBuildConfiguration;
			buildSettings = {
				ASSETCATALOG_COMPILER_APPICON_NAME = AppIcon;
				ASSETCATALOG_COMPILER_GLOBAL_ACCENT_COLOR_NAME = AccentColor;
				CODE_SIGN_STYLE = Automatic;
				CURRENT_PROJECT_VERSION = 1;
				DEVELOPMENT_TEAM = 55P4WP3SZP;
				GENERATE_INFOPLIST_FILE = YES;
				INFOPLIST_FILE = InventoryAppiOS/Info.plist;
				INFOPLIST_KEY_UIApplicationSupportsIndirectInputEvents = YES;
				INFOPLIST_KEY_UILaunchStoryboardName = LaunchScreen;
				INFOPLIST_KEY_UIMainStoryboardFile = Main;
				INFOPLIST_KEY_UISupportedInterfaceOrientations_iPad = "UIInterfaceOrientationPortrait UIInterfaceOrientationPortraitUpsideDown UIInterfaceOrientationLandscapeLeft UIInterfaceOrientationLandscapeRight";
				INFOPLIST_KEY_UISupportedInterfaceOrientations_iPhone = "UIInterfaceOrientationPortrait UIInterfaceOrientationLandscapeLeft UIInterfaceOrientationLandscapeRight";
				LD_RUNPATH_SEARCH_PATHS = (
					"$(inherited)",
					"@executable_path/Frameworks",
				);
				MARKETING_VERSION = 1.0;
				PRODUCT_BUNDLE_IDENTIFIER = xyz.miyayu.InventoryAppiOS;
				PRODUCT_NAME = "$(TARGET_NAME)";
				SWIFT_EMIT_LOC_STRINGS = YES;
				SWIFT_VERSION = 5.0;
				TARGETED_DEVICE_FAMILY = "1,2";
			};
			name = Debug;
		};
		C45FC8312ADF7DDA004D863C /* Release */ = {
			isa = XCBuildConfiguration;
			buildSettings = {
				ASSETCATALOG_COMPILER_APPICON_NAME = AppIcon;
				ASSETCATALOG_COMPILER_GLOBAL_ACCENT_COLOR_NAME = AccentColor;
				CODE_SIGN_STYLE = Automatic;
				CURRENT_PROJECT_VERSION = 1;
				DEVELOPMENT_TEAM = 55P4WP3SZP;
				GENERATE_INFOPLIST_FILE = YES;
				INFOPLIST_FILE = InventoryAppiOS/Info.plist;
				INFOPLIST_KEY_UIApplicationSupportsIndirectInputEvents = YES;
				INFOPLIST_KEY_UILaunchStoryboardName = LaunchScreen;
				INFOPLIST_KEY_UIMainStoryboardFile = Main;
				INFOPLIST_KEY_UISupportedInterfaceOrientations_iPad = "UIInterfaceOrientationPortrait UIInterfaceOrientationPortraitUpsideDown UIInterfaceOrientationLandscapeLeft UIInterfaceOrientationLandscapeRight";
				INFOPLIST_KEY_UISupportedInterfaceOrientations_iPhone = "UIInterfaceOrientationPortrait UIInterfaceOrientationLandscapeLeft UIInterfaceOrientationLandscapeRight";
				LD_RUNPATH_SEARCH_PATHS = (
					"$(inherited)",
					"@executable_path/Frameworks",
				);
				MARKETING_VERSION = 1.0;
				PRODUCT_BUNDLE_IDENTIFIER = xyz.miyayu.InventoryAppiOS;
				PRODUCT_NAME = "$(TARGET_NAME)";
				SWIFT_EMIT_LOC_STRINGS = YES;
				SWIFT_VERSION = 5.0;
				TARGETED_DEVICE_FAMILY = "1,2";
			};
			name = Release;
		};
/* End XCBuildConfiguration section */

/* Begin XCConfigurationList section */
		C45FC8162ADF7DD8004D863C /* Build configuration list for PBXProject "InventoryAppiOS" */ = {
			isa = XCConfigurationList;
			buildConfigurations = (
				C45FC82D2ADF7DDA004D863C /* Debug */,
				C45FC82E2ADF7DDA004D863C /* Release */,
			);
			defaultConfigurationIsVisible = 0;
			defaultConfigurationName = Release;
		};
		C45FC82F2ADF7DDA004D863C /* Build configuration list for PBXNativeTarget "InventoryAppiOS" */ = {
			isa = XCConfigurationList;
			buildConfigurations = (
				C45FC8302ADF7DDA004D863C /* Debug */,
				C45FC8312ADF7DDA004D863C /* Release */,
			);
			defaultConfigurationIsVisible = 0;
			defaultConfigurationName = Release;
		};
/* End XCConfigurationList section */

/* Begin XCRemoteSwiftPackageReference section */
		C42B61382AE0F0F700C9A120 /* XCRemoteSwiftPackageReference "SwinjectStoryboard" */ = {
			isa = XCRemoteSwiftPackageReference;
			repositoryURL = "https://github.com/Swinject/SwinjectStoryboard.git";
			requirement = {
				kind = upToNextMajorVersion;
				minimumVersion = 2.2.3;
			};
		};
/* End XCRemoteSwiftPackageReference section */

/* Begin XCSwiftPackageProductDependency section */
		C42B61392AE0F0F700C9A120 /* SwinjectStoryboard */ = {
			isa = XCSwiftPackageProductDependency;
			package = C42B61382AE0F0F700C9A120 /* XCRemoteSwiftPackageReference "SwinjectStoryboard" */;
			productName = SwinjectStoryboard;
		};
/* End XCSwiftPackageProductDependency section */
	};
	rootObject = C45FC8132ADF7DD8004D863C /* Project object */;
}
